{
  "name": "openshift-knative",
  "version": "0.5.0",
  "lockfileVersion": 1,
  "requires": true,
  "dependencies": {
    "@antora/cli": {
      "version": "2.0.0",
      "resolved": "https://registry.npmjs.org/@antora/cli/-/cli-2.0.0.tgz",
      "integrity": "sha512-vgoGTRRFkPtKeMgGoBevYzK97DwT75rxUeE6yAtm50i7e/aIGoXFyCglaXdsyP4FAfENVqN+DWy3ZuKxhPfc7g==",
      "requires": {
        "@antora/playbook-builder": "2.0.0",
        "commander": "^2.19.0"
      }
    },
    "@antora/playbook-builder": {
      "version": "2.0.0",
      "resolved": "https://registry.npmjs.org/@antora/playbook-builder/-/playbook-builder-2.0.0.tgz",
      "integrity": "sha512-uLU4+rpIRZiMit8s1lkbiz5L5V8cPL40RJMRHFb4B7k2PXbvNiZZAMHZBeFgVwfJIKmKAIeUCDgOHgiBIlFc+A==",
      "requires": {
        "@iarna/toml": "^2.2.1",
        "camelcase-keys": "^5.0.0",
        "convict": "^4.4.1",
        "deep-freeze": "^0.0.1",
        "js-yaml": "^3.12.0",
        "json5": "^2.1.0"
      }
    },
    "@iarna/toml": {
      "version": "2.2.3",
      "resolved": "https://registry.npmjs.org/@iarna/toml/-/toml-2.2.3.tgz",
      "integrity": "sha512-FmuxfCuolpLl0AnQ2NHSzoUKWEJDFl63qXjzdoWBVyFCXzMGm1spBzk7LeHNoVCiWCF7mRVms9e6jEV9+MoPbg=="
    },
    "argparse": {
      "version": "1.0.10",
      "resolved": "https://registry.npmjs.org/argparse/-/argparse-1.0.10.tgz",
      "integrity": "sha512-o5Roy6tNG4SL/FOkCAN6RzjiakZS25RLYFrcMttJqbdd8BWrnA+fGz57iN5Pb06pvBGvl5gQ0B48dJlslXvoTg==",
      "requires": {
        "sprintf-js": "~1.0.2"
      }
    },
    "camelcase": {
      "version": "5.3.1",
      "resolved": "https://registry.npmjs.org/camelcase/-/camelcase-5.3.1.tgz",
      "integrity": "sha512-L28STB170nwWS63UjtlEOE3dldQApaJXZkOI1uMFfzf3rRuPegHaHesyee+YxQ+W6SvRDQV6UrdOdRiR153wJg=="
    },
    "camelcase-keys": {
      "version": "5.2.0",
      "resolved": "https://registry.npmjs.org/camelcase-keys/-/camelcase-keys-5.2.0.tgz",
      "integrity": "sha512-mSM/OQKD1HS5Ll2AXxeaHSdqCGC/QQ8IrgTbKYA/rxnC36thBKysfIr9+OVBWuW17jyZF4swHkjtglawgBmVFg==",
      "requires": {
        "camelcase": "^5.3.1",
        "map-obj": "^3.0.0",
        "quick-lru": "^1.0.0"
      }
    },
    "commander": {
      "version": "2.19.0",
      "resolved": "https://registry.npmjs.org/commander/-/commander-2.19.0.tgz",
      "integrity": "sha512-6tvAOO+D6OENvRAh524Dh9jcfKTYDQAqvqezbCW82xj5X0pSrcpxtvRKHLG0yBY6SD7PSDrJaj+0AiOcKVd1Xg=="
    },
    "convict": {
      "version": "4.4.1",
      "resolved": "https://registry.npmjs.org/convict/-/convict-4.4.1.tgz",
      "integrity": "sha512-celpR4hOWWwb/S8azhzgQwDon6muAJlNe2LTLeOGyoSgH390TsaqoieAe9BLbAv7+9wNfG7DTA2q3IfFp2viKw==",
      "requires": {
        "depd": "1.1.2",
        "json5": "1.0.1",
        "lodash.clonedeep": "4.5.0",
        "moment": "2.22.2",
        "validator": "10.8.0",
        "yargs-parser": "11.0.0"
      },
      "dependencies": {
        "json5": {
          "version": "1.0.1",
          "resolved": "https://registry.npmjs.org/json5/-/json5-1.0.1.tgz",
          "integrity": "sha512-aKS4WQjPenRxiQsC93MNfjx+nbF4PAdYzmd/1JIj8HYzqfbu86beTuNgXDzPknWk0n0uARlyewZo4s++ES36Ow==",
          "requires": {
            "minimist": "^1.2.0"
          }
        }
      }
    },
    "decamelize": {
      "version": "1.2.0",
      "resolved": "https://registry.npmjs.org/decamelize/-/decamelize-1.2.0.tgz",
      "integrity": "sha1-9lNNFRSCabIDUue+4m9QH5oZEpA="
    },
    "deep-freeze": {
      "version": "0.0.1",
      "resolved": "https://registry.npmjs.org/deep-freeze/-/deep-freeze-0.0.1.tgz",
      "integrity": "sha1-OgsABd4YZygZ39OM0x+RF5yJPoQ="
    },
    "depd": {
      "version": "1.1.2",
      "resolved": "https://registry.npmjs.org/depd/-/depd-1.1.2.tgz",
      "integrity": "sha1-m81S4UwJd2PnSbJ0xDRu0uVgtak="
    },
    "esprima": {
      "version": "4.0.1",
      "resolved": "https://registry.npmjs.org/esprima/-/esprima-4.0.1.tgz",
      "integrity": "sha512-eGuFFw7Upda+g4p+QHvnW0RyTX/SVeJBDM/gCtMARO0cLuT2HcEKnTPvhjV6aGeqrCB/sbNop0Kszm0jsaWU4A=="
    },
    "js-yaml": {
      "version": "3.13.1",
      "resolved": "https://registry.npmjs.org/js-yaml/-/js-yaml-3.13.1.tgz",
      "integrity": "sha512-YfbcO7jXDdyj0DGxYVSlSeQNHbD7XPWvrVWeVUujrQEoZzWJIRrCPoyk6kL6IAjAG2IolMK4T0hNUe0HOUs5Jw==",
      "requires": {
        "argparse": "^1.0.7",
        "esprima": "^4.0.0"
      }
    },
    "json5": {
      "version": "2.1.0",
      "resolved": "https://registry.npmjs.org/json5/-/json5-2.1.0.tgz",
      "integrity": "sha512-8Mh9h6xViijj36g7Dxi+Y4S6hNGV96vcJZr/SrlHh1LR/pEn/8j/+qIBbs44YKl69Lrfctp4QD+AdWLTMqEZAQ==",
      "requires": {
        "minimist": "^1.2.0"
      }
    },
    "lodash.clonedeep": {
      "version": "4.5.0",
      "resolved": "https://registry.npmjs.org/lodash.clonedeep/-/lodash.clonedeep-4.5.0.tgz",
      "integrity": "sha1-4j8/nE+Pvd6HJSnBBxhXoIblzO8="
    },
    "map-obj": {
      "version": "3.1.0",
      "resolved": "https://registry.npmjs.org/map-obj/-/map-obj-3.1.0.tgz",
      "integrity": "sha512-Xg1iyYz/+iIW6YoMldux47H/e5QZyDSB41Kb0ev+YYHh3FJnyyzY0vTk/WbVeWcCvdXd70cOriUBmhP8alUFBA=="
    },
    "minimist": {
      "version": "1.2.0",
      "resolved": "https://registry.npmjs.org/minimist/-/minimist-1.2.0.tgz",
      "integrity": "sha1-o1AIsg9BOD7sH7kU9M1d95omQoQ="
    },
    "moment": {
      "version": "2.22.2",
      "resolved": "https://registry.npmjs.org/moment/-/moment-2.22.2.tgz",
      "integrity": "sha1-PCV/mDn8DpP/UxSWMiOeuQeD/2Y="
    },
    "quick-lru": {
      "version": "1.1.0",
      "resolved": "https://registry.npmjs.org/quick-lru/-/quick-lru-1.1.0.tgz",
      "integrity": "sha1-Q2CxfGETatOAeDl/8RQW4Ybc+7g="
    },
    "sprintf-js": {
      "version": "1.0.3",
      "resolved": "https://registry.npmjs.org/sprintf-js/-/sprintf-js-1.0.3.tgz",
      "integrity": "sha1-BOaSb2YolTVPPdAVIDYzuFcpfiw="
    },
    "validator": {
      "version": "10.8.0",
      "resolved": "https://registry.npmjs.org/validator/-/validator-10.8.0.tgz",
      "integrity": "sha512-mXqMxfCh5NLsVgYVKl9WvnHNDPCcbNppHSPPowu0VjtSsGWVY+z8hJF44edLR1nbLNzi3jYoYsIl8KZpioIk6g=="
    },
    "yargs-parser": {
      "version": "11.0.0",
      "resolved": "https://registry.npmjs.org/yargs-parser/-/yargs-parser-11.0.0.tgz",
      "integrity": "sha512-dvsafRjM45h79WOTvS/dP35Sb31SlGAKz6tFjI97kGC4MJFBuzTZY6TTYHrz0QSMQdkyd8Y+RsOMLr+JY0nPFQ==",
      "requires": {
        "camelcase": "^5.0.0",
        "decamelize": "^1.2.0"
      }
    }
  }
}
